
Microsoft Visual Studio Solution File, Format Version 12.00
# Visual Studio 2013
Project("{FAE04EC0-301F-11D3-BF4B-00C04F79EFBC}") = "UnityVS.RPGesqueShooter.CSharp", "UnityVS.RPGesqueShooter.CSharp.csproj", "{37ED6DC3-A995-482F-1A71-6E7B0A611215}"
EndProject
Global
	GlobalSection(SolutionConfigurationPlatforms) = preSolution
		Debug|Any CPU = Debug|Any CPU
		Release|Any CPU = Release|Any CPU
	EndGlobalSection
	GlobalSection(ProjectConfigurationPlatforms) = postSolution
		{37ED6DC3-A995-482F-1A71-6E7B0A611215}.Debug|Any CPU.ActiveCfg = Debug|Any CPU
		{37ED6DC3-A995-482F-1A71-6E7B0A611215}.Debug|Any CPU.Build.0 = Debug|Any CPU
		{37ED6DC3-A995-482F-1A71-6E7B0A611215}.Release|Any CPU.ActiveCfg = Release|Any CPU
		{37ED6DC3-A995-482F-1A71-6E7B0A611215}.Release|Any CPU.Build.0 = Release|Any CPU
	EndGlobalSection
	GlobalSection(SolutionProperties) = preSolution
		HideSolutionNode = FALSE
	EndGlobalSection
EndGlobal
